
Microsoft Visual Studio Solution File, Format Version 12.00
# Visual Studio Version 16
VisualStudioVersion = 16.0.29519.87
MinimumVisualStudioVersion = 10.0.40219.1
Project("{FAE04EC0-301F-11D3-BF4B-00C04F79EFBC}") = "WebAppMvc", "WebAppMvc.csproj", "{8BF3ACAE-161D-4E74-8971-BE3B52D46C05}"
EndProject
Global
	GlobalSection(SolutionConfigurationPlatforms) = preSolution
		Debug|Any CPU = Debug|Any CPU
		Release|Any CPU = Release|Any CPU
	EndGlobalSection
	GlobalSection(ProjectConfigurationPlatforms) = postSolution
		{8BF3ACAE-161D-4E74-8971-BE3B52D46C05}.Debug|Any CPU.ActiveCfg = Debug|Any CPU
		{8BF3ACAE-161D-4E74-8971-BE3B52D46C05}.Debug|Any CPU.Build.0 = Debug|Any CPU
		{8BF3ACAE-161D-4E74-8971-BE3B52D46C05}.Release|Any CPU.ActiveCfg = Release|Any CPU
		{8BF3ACAE-161D-4E74-8971-BE3B52D46C05}.Release|Any CPU.Build.0 = Release|Any CPU
	EndGlobalSection
	GlobalSection(SolutionProperties) = preSolution
		HideSolutionNode = FALSE
	EndGlobalSection
	GlobalSection(ExtensibilityGlobals) = postSolution
		SolutionGuid = {4A2BE393-F042-4D5F-BB7E-966E72805174}
	EndGlobalSection
EndGlobal
